
Microsoft Visual Studio Solution File, Format Version 11.00
# Visual Studio 2010
Project("{FAE04EC0-301F-11D3-BF4B-00C04F79EFBC}") = "II1305-group6", "Assembly-CSharp.csproj", "{FE5DF007-AD46-B638-D167-61FD107ACFD7}"
EndProject
Global
	GlobalSection(SolutionConfigurationPlatforms) = preSolution
		Debug|Any CPU = Debug|Any CPU
		Release|Any CPU = Release|Any CPU
	EndGlobalSection
	GlobalSection(ProjectConfigurationPlatforms) = postSolution
		{FE5DF007-AD46-B638-D167-61FD107ACFD7}.Debug|Any CPU.ActiveCfg = Debug|Any CPU
		{FE5DF007-AD46-B638-D167-61FD107ACFD7}.Debug|Any CPU.Build.0 = Debug|Any CPU
		{FE5DF007-AD46-B638-D167-61FD107ACFD7}.Release|Any CPU.ActiveCfg = Release|Any CPU
		{FE5DF007-AD46-B638-D167-61FD107ACFD7}.Release|Any CPU.Build.0 = Release|Any CPU
	EndGlobalSection
	GlobalSection(SolutionProperties) = preSolution
		HideSolutionNode = FALSE
	EndGlobalSection
	GlobalSection(MonoDevelopProperties) = preSolution
		StartupItem = Assembly-CSharp.csproj
	EndGlobalSection
EndGlobal
